
Microsoft Visual Studio Solution File, Format Version 12.00
# Visual Studio 2012
Project("{2150E333-8FDC-42A3-9474-1A3956D46DE8}") = "01_Unity", "01_Unity", "{F7D3BBC7-4AE1-46CE-9B92-2E46F0FE1765}"
EndProject
Project("{2150E333-8FDC-42A3-9474-1A3956D46DE8}") = "02_Cache", "02_Cache", "{35CA950C-18DC-4590-9DD6-938893E7A8A0}"
EndProject
Project("{2150E333-8FDC-42A3-9474-1A3956D46DE8}") = "03_Log", "03_Log", "{0F0FE27C-20CC-4EF0-990F-07CE587FEA8D}"
EndProject
Project("{2150E333-8FDC-42A3-9474-1A3956D46DE8}") = "04_Config", "04_Config", "{005CE42C-6F9F-416E-846D-F089E19A8302}"
EndProject
Project("{2150E333-8FDC-42A3-9474-1A3956D46DE8}") = "05_Validator", "05_Validator", "{58CD8E37-BBB4-41AE-A77E-84E525D77831}"
EndProject
Project("{2150E333-8FDC-42A3-9474-1A3956D46DE8}") = "06_Calculator", "06_Calculator", "{01C4B770-A3C1-421C-AAEF-81787DBDC1F8}"
EndProject
Project("{2150E333-8FDC-42A3-9474-1A3956D46DE8}") = "src", "src", "{BBB2EB67-3C9C-4A39-BB59-906D0453B193}"
EndProject
Project("{2150E333-8FDC-42A3-9474-1A3956D46DE8}") = "document", "document", "{F63BF9FD-6AA1-4007-AF39-E88C8274939C}"
EndProject
Project("{FAE04EC0-301F-11D3-BF4B-00C04F79EFBC}") = "FluentValidation", "src\05_Validator\FluentValidation\FluentValidation.csproj", "{DAE0249B-4F69-4AC9-9A17-AA23E0795316}"
EndProject
Project("{FAE04EC0-301F-11D3-BF4B-00C04F79EFBC}") = "NCalc", "src\06_Calculator\Evaluant.Calculator\NCalc.csproj", "{5F014003-50D8-49E0-8AFE-91D38DCCC97C}"
EndProject
Project("{2150E333-8FDC-42A3-9474-1A3956D46DE8}") = "tests", "tests", "{44D5EF87-D245-44CA-A364-182EEE88C248}"
EndProject
Project("{FAE04EC0-301F-11D3-BF4B-00C04F79EFBC}") = "Test.Extension", "tests\Test.Extension\Test.Extension.csproj", "{36F2DE37-1296-4E4F-8B03-ED06EDDA68C4}"
EndProject
Project("{FAE04EC0-301F-11D3-BF4B-00C04F79EFBC}") = "Test.FluentValidation", "tests\Test.FluentValidation\Test.FluentValidation.csproj", "{A1FE476B-5BF2-4632-81E8-084C420E2029}"
EndProject
Project("{FAE04EC0-301F-11D3-BF4B-00C04F79EFBC}") = "BF.Unity.Common", "src\01_Unity\BF.Unity.Common\BF.Unity.Common.csproj", "{99CD9123-A5BB-45C7-96FE-CDDF7CD673CB}"
EndProject
Project("{FAE04EC0-301F-11D3-BF4B-00C04F79EFBC}") = "BF.Unity.Extension", "src\01_Unity\BF.Unity.Extension\BF.Unity.Extension.csproj", "{9CD329CE-8072-4A61-AD25-081146395F79}"
EndProject
Project("{FAE04EC0-301F-11D3-BF4B-00C04F79EFBC}") = "BF.Unity.Helper", "src\01_Unity\BF.Unity.Helper\BF.Unity.Helper.csproj", "{4575C83D-7C03-4000-A535-498C34648530}"
EndProject
Project("{2150E333-8FDC-42A3-9474-1A3956D46DE8}") = "07_DB", "07_DB", "{6FA72832-9997-4EB9-8EC2-69D8F35772D9}"
EndProject
Project("{FAE04EC0-301F-11D3-BF4B-00C04F79EFBC}") = "Test.Dapper", "tests\Test.Dapper\Test.Dapper.csproj", "{D0630464-764D-47DE-9FC1-DA41E75D6C31}"
EndProject
Project("{FAE04EC0-301F-11D3-BF4B-00C04F79EFBC}") = "Test.Calculator", "tests\Test.Calculator\Test.Calculator.csproj", "{99FF659D-FC9F-4080-8DD6-DA6D624AF6CC}"
EndProject
Project("{2150E333-8FDC-42A3-9474-1A3956D46DE8}") = "samples", "samples", "{E3D10351-2E50-41FD-AF36-0B7D35508236}"
EndProject
Project("{FAE04EC0-301F-11D3-BF4B-00C04F79EFBC}") = "ConsoleApp", "samples\ConsoleApp\ConsoleApp.csproj", "{C3A099C0-B7BA-4D47-BFB1-4EB47F73CD5F}"
EndProject
Project("{FAE04EC0-301F-11D3-BF4B-00C04F79EFBC}") = "ApiHost", "samples\ApiHost\ApiHost.csproj", "{E52EB99B-F8AB-4B00-A965-90EC85D63223}"
EndProject
Project("{FAE04EC0-301F-11D3-BF4B-00C04F79EFBC}") = "BF.Core.Config", "src\04_Config\BF.Core.Config\BF.Core.Config.csproj", "{E97B0152-F855-4B64-BD01-5376BEFB0E82}"
EndProject
Project("{FAE04EC0-301F-11D3-BF4B-00C04F79EFBC}") = "BF.Core.Cache", "src\02_Cache\BF.Core.Cache\BF.Core.Cache.csproj", "{02CF0B38-71F5-4098-9CAA-4805D07F002B}"
EndProject
Project("{FAE04EC0-301F-11D3-BF4B-00C04F79EFBC}") = "BF.Core.Log", "src\03_Log\BF.Core.Log\BF.Core.Log.csproj", "{249A1341-826B-43C0-AF6D-3B5AA366DB36}"
EndProject
Project("{FAE04EC0-301F-11D3-BF4B-00C04F79EFBC}") = "Test.Config", "tests\Test.Config\Test.Config.csproj", "{7510AEC8-F0B0-4F63-BC50-C0A5D139A07F}"
EndProject
Global
	GlobalSection(SolutionConfigurationPlatforms) = preSolution
		Debug|Any CPU = Debug|Any CPU
		Release|Any CPU = Release|Any CPU
	EndGlobalSection
	GlobalSection(ProjectConfigurationPlatforms) = postSolution
		{DAE0249B-4F69-4AC9-9A17-AA23E0795316}.Debug|Any CPU.ActiveCfg = Debug|Any CPU
		{DAE0249B-4F69-4AC9-9A17-AA23E0795316}.Debug|Any CPU.Build.0 = Debug|Any CPU
		{DAE0249B-4F69-4AC9-9A17-AA23E0795316}.Release|Any CPU.ActiveCfg = Release|Any CPU
		{DAE0249B-4F69-4AC9-9A17-AA23E0795316}.Release|Any CPU.Build.0 = Release|Any CPU
		{5F014003-50D8-49E0-8AFE-91D38DCCC97C}.Debug|Any CPU.ActiveCfg = Debug|Any CPU
		{5F014003-50D8-49E0-8AFE-91D38DCCC97C}.Debug|Any CPU.Build.0 = Debug|Any CPU
		{5F014003-50D8-49E0-8AFE-91D38DCCC97C}.Release|Any CPU.ActiveCfg = Release|Any CPU
		{5F014003-50D8-49E0-8AFE-91D38DCCC97C}.Release|Any CPU.Build.0 = Release|Any CPU
		{36F2DE37-1296-4E4F-8B03-ED06EDDA68C4}.Debug|Any CPU.ActiveCfg = Debug|Any CPU
		{36F2DE37-1296-4E4F-8B03-ED06EDDA68C4}.Debug|Any CPU.Build.0 = Debug|Any CPU
		{36F2DE37-1296-4E4F-8B03-ED06EDDA68C4}.Release|Any CPU.ActiveCfg = Release|Any CPU
		{36F2DE37-1296-4E4F-8B03-ED06EDDA68C4}.Release|Any CPU.Build.0 = Release|Any CPU
		{A1FE476B-5BF2-4632-81E8-084C420E2029}.Debug|Any CPU.ActiveCfg = Debug|Any CPU
		{A1FE476B-5BF2-4632-81E8-084C420E2029}.Debug|Any CPU.Build.0 = Debug|Any CPU
		{A1FE476B-5BF2-4632-81E8-084C420E2029}.Release|Any CPU.ActiveCfg = Release|Any CPU
		{A1FE476B-5BF2-4632-81E8-084C420E2029}.Release|Any CPU.Build.0 = Release|Any CPU
		{99CD9123-A5BB-45C7-96FE-CDDF7CD673CB}.Debug|Any CPU.ActiveCfg = Debug|Any CPU
		{99CD9123-A5BB-45C7-96FE-CDDF7CD673CB}.Debug|Any CPU.Build.0 = Debug|Any CPU
		{99CD9123-A5BB-45C7-96FE-CDDF7CD673CB}.Release|Any CPU.ActiveCfg = Release|Any CPU
		{99CD9123-A5BB-45C7-96FE-CDDF7CD673CB}.Release|Any CPU.Build.0 = Release|Any CPU
		{9CD329CE-8072-4A61-AD25-081146395F79}.Debug|Any CPU.ActiveCfg = Debug|Any CPU
		{9CD329CE-8072-4A61-AD25-081146395F79}.Debug|Any CPU.Build.0 = Debug|Any CPU
		{9CD329CE-8072-4A61-AD25-081146395F79}.Release|Any CPU.ActiveCfg = Release|Any CPU
		{9CD329CE-8072-4A61-AD25-081146395F79}.Release|Any CPU.Build.0 = Release|Any CPU
		{4575C83D-7C03-4000-A535-498C34648530}.Debug|Any CPU.ActiveCfg = Debug|Any CPU
		{4575C83D-7C03-4000-A535-498C34648530}.Debug|Any CPU.Build.0 = Debug|Any CPU
		{4575C83D-7C03-4000-A535-498C34648530}.Release|Any CPU.ActiveCfg = Release|Any CPU
		{4575C83D-7C03-4000-A535-498C34648530}.Release|Any CPU.Build.0 = Release|Any CPU
		{D0630464-764D-47DE-9FC1-DA41E75D6C31}.Debug|Any CPU.ActiveCfg = Debug|Any CPU
		{D0630464-764D-47DE-9FC1-DA41E75D6C31}.Debug|Any CPU.Build.0 = Debug|Any CPU
		{D0630464-764D-47DE-9FC1-DA41E75D6C31}.Release|Any CPU.ActiveCfg = Release|Any CPU
		{D0630464-764D-47DE-9FC1-DA41E75D6C31}.Release|Any CPU.Build.0 = Release|Any CPU
		{99FF659D-FC9F-4080-8DD6-DA6D624AF6CC}.Debug|Any CPU.ActiveCfg = Debug|Any CPU
		{99FF659D-FC9F-4080-8DD6-DA6D624AF6CC}.Debug|Any CPU.Build.0 = Debug|Any CPU
		{99FF659D-FC9F-4080-8DD6-DA6D624AF6CC}.Release|Any CPU.ActiveCfg = Release|Any CPU
		{99FF659D-FC9F-4080-8DD6-DA6D624AF6CC}.Release|Any CPU.Build.0 = Release|Any CPU
		{C3A099C0-B7BA-4D47-BFB1-4EB47F73CD5F}.Debug|Any CPU.ActiveCfg = Debug|Any CPU
		{C3A099C0-B7BA-4D47-BFB1-4EB47F73CD5F}.Debug|Any CPU.Build.0 = Debug|Any CPU
		{C3A099C0-B7BA-4D47-BFB1-4EB47F73CD5F}.Release|Any CPU.ActiveCfg = Release|Any CPU
		{C3A099C0-B7BA-4D47-BFB1-4EB47F73CD5F}.Release|Any CPU.Build.0 = Release|Any CPU
		{E52EB99B-F8AB-4B00-A965-90EC85D63223}.Debug|Any CPU.ActiveCfg = Debug|Any CPU
		{E52EB99B-F8AB-4B00-A965-90EC85D63223}.Debug|Any CPU.Build.0 = Debug|Any CPU
		{E52EB99B-F8AB-4B00-A965-90EC85D63223}.Release|Any CPU.ActiveCfg = Release|Any CPU
		{E52EB99B-F8AB-4B00-A965-90EC85D63223}.Release|Any CPU.Build.0 = Release|Any CPU
		{E97B0152-F855-4B64-BD01-5376BEFB0E82}.Debug|Any CPU.ActiveCfg = Debug|Any CPU
		{E97B0152-F855-4B64-BD01-5376BEFB0E82}.Debug|Any CPU.Build.0 = Debug|Any CPU
		{E97B0152-F855-4B64-BD01-5376BEFB0E82}.Release|Any CPU.ActiveCfg = Release|Any CPU
		{E97B0152-F855-4B64-BD01-5376BEFB0E82}.Release|Any CPU.Build.0 = Release|Any CPU
		{02CF0B38-71F5-4098-9CAA-4805D07F002B}.Debug|Any CPU.ActiveCfg = Debug|Any CPU
		{02CF0B38-71F5-4098-9CAA-4805D07F002B}.Debug|Any CPU.Build.0 = Debug|Any CPU
		{02CF0B38-71F5-4098-9CAA-4805D07F002B}.Release|Any CPU.ActiveCfg = Release|Any CPU
		{02CF0B38-71F5-4098-9CAA-4805D07F002B}.Release|Any CPU.Build.0 = Release|Any CPU
		{249A1341-826B-43C0-AF6D-3B5AA366DB36}.Debug|Any CPU.ActiveCfg = Debug|Any CPU
		{249A1341-826B-43C0-AF6D-3B5AA366DB36}.Debug|Any CPU.Build.0 = Debug|Any CPU
		{249A1341-826B-43C0-AF6D-3B5AA366DB36}.Release|Any CPU.ActiveCfg = Release|Any CPU
		{249A1341-826B-43C0-AF6D-3B5AA366DB36}.Release|Any CPU.Build.0 = Release|Any CPU
		{7510AEC8-F0B0-4F63-BC50-C0A5D139A07F}.Debug|Any CPU.ActiveCfg = Debug|Any CPU
		{7510AEC8-F0B0-4F63-BC50-C0A5D139A07F}.Debug|Any CPU.Build.0 = Debug|Any CPU
		{7510AEC8-F0B0-4F63-BC50-C0A5D139A07F}.Release|Any CPU.ActiveCfg = Release|Any CPU
		{7510AEC8-F0B0-4F63-BC50-C0A5D139A07F}.Release|Any CPU.Build.0 = Release|Any CPU
	EndGlobalSection
	GlobalSection(SolutionProperties) = preSolution
		HideSolutionNode = FALSE
	EndGlobalSection
	GlobalSection(NestedProjects) = preSolution
		{35CA950C-18DC-4590-9DD6-938893E7A8A0} = {BBB2EB67-3C9C-4A39-BB59-906D0453B193}
		{0F0FE27C-20CC-4EF0-990F-07CE587FEA8D} = {BBB2EB67-3C9C-4A39-BB59-906D0453B193}
		{005CE42C-6F9F-416E-846D-F089E19A8302} = {BBB2EB67-3C9C-4A39-BB59-906D0453B193}
		{58CD8E37-BBB4-41AE-A77E-84E525D77831} = {BBB2EB67-3C9C-4A39-BB59-906D0453B193}
		{01C4B770-A3C1-421C-AAEF-81787DBDC1F8} = {BBB2EB67-3C9C-4A39-BB59-906D0453B193}
		{F7D3BBC7-4AE1-46CE-9B92-2E46F0FE1765} = {BBB2EB67-3C9C-4A39-BB59-906D0453B193}
		{6FA72832-9997-4EB9-8EC2-69D8F35772D9} = {BBB2EB67-3C9C-4A39-BB59-906D0453B193}
		{02CF0B38-71F5-4098-9CAA-4805D07F002B} = {35CA950C-18DC-4590-9DD6-938893E7A8A0}
		{249A1341-826B-43C0-AF6D-3B5AA366DB36} = {0F0FE27C-20CC-4EF0-990F-07CE587FEA8D}
		{E97B0152-F855-4B64-BD01-5376BEFB0E82} = {005CE42C-6F9F-416E-846D-F089E19A8302}
		{DAE0249B-4F69-4AC9-9A17-AA23E0795316} = {58CD8E37-BBB4-41AE-A77E-84E525D77831}
		{5F014003-50D8-49E0-8AFE-91D38DCCC97C} = {01C4B770-A3C1-421C-AAEF-81787DBDC1F8}
		{99CD9123-A5BB-45C7-96FE-CDDF7CD673CB} = {F7D3BBC7-4AE1-46CE-9B92-2E46F0FE1765}
		{9CD329CE-8072-4A61-AD25-081146395F79} = {F7D3BBC7-4AE1-46CE-9B92-2E46F0FE1765}
		{4575C83D-7C03-4000-A535-498C34648530} = {F7D3BBC7-4AE1-46CE-9B92-2E46F0FE1765}
		{36F2DE37-1296-4E4F-8B03-ED06EDDA68C4} = {44D5EF87-D245-44CA-A364-182EEE88C248}
		{A1FE476B-5BF2-4632-81E8-084C420E2029} = {44D5EF87-D245-44CA-A364-182EEE88C248}
		{D0630464-764D-47DE-9FC1-DA41E75D6C31} = {44D5EF87-D245-44CA-A364-182EEE88C248}
		{99FF659D-FC9F-4080-8DD6-DA6D624AF6CC} = {44D5EF87-D245-44CA-A364-182EEE88C248}
		{7510AEC8-F0B0-4F63-BC50-C0A5D139A07F} = {44D5EF87-D245-44CA-A364-182EEE88C248}
		{C3A099C0-B7BA-4D47-BFB1-4EB47F73CD5F} = {E3D10351-2E50-41FD-AF36-0B7D35508236}
		{E52EB99B-F8AB-4B00-A965-90EC85D63223} = {E3D10351-2E50-41FD-AF36-0B7D35508236}
	EndGlobalSection
EndGlobal
